
Microsoft Visual Studio Solution File, Format Version 12.00
# Visual Studio Version 17
VisualStudioVersion = 17.1.32328.378
MinimumVisualStudioVersion = 10.0.40219.1
Project("{FAE04EC0-301F-11D3-BF4B-00C04F79EFBC}") = "NewsPortal", "NewsPortal\NewsPortal.csproj", "{A339A172-7571-43FF-B14F-F97551BA0D2D}"
EndProject
Project("{FAE04EC0-301F-11D3-BF4B-00C04F79EFBC}") = "BLL", "BLL\BLL.csproj", "{C42DAD1A-923E-46DB-B795-0D2B636F0A4A}"
EndProject
Project("{FAE04EC0-301F-11D3-BF4B-00C04F79EFBC}") = "DAL", "DLL\DAL.csproj", "{A97C287F-A921-4F9B-8C93-FEE210869318}"
EndProject
Global
	GlobalSection(SolutionConfigurationPlatforms) = preSolution
		Debug|Any CPU = Debug|Any CPU
		Release|Any CPU = Release|Any CPU
	EndGlobalSection
	GlobalSection(ProjectConfigurationPlatforms) = postSolution
		{A339A172-7571-43FF-B14F-F97551BA0D2D}.Debug|Any CPU.ActiveCfg = Debug|Any CPU
		{A339A172-7571-43FF-B14F-F97551BA0D2D}.Debug|Any CPU.Build.0 = Debug|Any CPU
		{A339A172-7571-43FF-B14F-F97551BA0D2D}.Release|Any CPU.ActiveCfg = Release|Any CPU
		{A339A172-7571-43FF-B14F-F97551BA0D2D}.Release|Any CPU.Build.0 = Release|Any CPU
		{C42DAD1A-923E-46DB-B795-0D2B636F0A4A}.Debug|Any CPU.ActiveCfg = Debug|Any CPU
		{C42DAD1A-923E-46DB-B795-0D2B636F0A4A}.Debug|Any CPU.Build.0 = Debug|Any CPU
		{C42DAD1A-923E-46DB-B795-0D2B636F0A4A}.Release|Any CPU.ActiveCfg = Release|Any CPU
		{C42DAD1A-923E-46DB-B795-0D2B636F0A4A}.Release|Any CPU.Build.0 = Release|Any CPU
		{A97C287F-A921-4F9B-8C93-FEE210869318}.Debug|Any CPU.ActiveCfg = Debug|Any CPU
		{A97C287F-A921-4F9B-8C93-FEE210869318}.Debug|Any CPU.Build.0 = Debug|Any CPU
		{A97C287F-A921-4F9B-8C93-FEE210869318}.Release|Any CPU.ActiveCfg = Release|Any CPU
		{A97C287F-A921-4F9B-8C93-FEE210869318}.Release|Any CPU.Build.0 = Release|Any CPU
	EndGlobalSection
	GlobalSection(SolutionProperties) = preSolution
		HideSolutionNode = FALSE
	EndGlobalSection
	GlobalSection(ExtensibilityGlobals) = postSolution
		SolutionGuid = {2E45EC86-E896-46A8-B8D2-A9481FD12384}
	EndGlobalSection
EndGlobal
